{
	"lockfileVersion": 1,
	"dependencies": {
		"charenc": {
			"version": "0.0.2",
			"resolved": "https://registry.npmjs.org/charenc/-/charenc-0.0.2.tgz",
			"integrity": "sha1-wKHS86cJLgN3S/qD8UwPxXkKhmc="
		},
		"crypt": {
			"version": "0.0.2",
			"resolved": "https://registry.npmjs.org/crypt/-/crypt-0.0.2.tgz",
			"integrity": "sha1-iNf/fsDfuG9xPch7u0LQRNPmxBs="
		},
		"is-buffer": {
			"version": "1.1.5",
			"resolved": "https://registry.npmjs.org/is-buffer/-/is-buffer-1.1.5.tgz",
			"integrity": "sha1-Hzsm72E7IUuIy8ojzGwB2Hlh7sw="
		},
		"lodash": {
			"version": "4.17.4",
			"resolved": "https://registry.npmjs.org/lodash/-/lodash-4.17.4.tgz",
			"integrity": "sha1-eCA6TRwyiuHYbcpkYONptX9AVa4="
		},
		"md5": {
			"version": "2.2.1",
			"resolved": "https://registry.npmjs.org/md5/-/md5-2.2.1.tgz",
			"integrity": "sha1-U6s41f48iJG6RlMp6iP6wFQBJvk="
		},
		"virtual-module-webpack-plugin": {
			"version": "0.2.1",
			"resolved": "https://registry.npmjs.org/virtual-module-webpack-plugin/-/virtual-module-webpack-plugin-0.2.1.tgz",
			"integrity": "sha512-Iw7GnBucMQNefxvEgeBFVVB/sRj8iN5+eC9AM1SxfH8UwHPEnQu5A2bSnldzw/E9IWrxk2TzxGDD6E+7YL18HQ=="
		}
	}
}
